// !$*UTF8*$!
{
	archiveVersion = 1;
	classes = {
	};
	objectVersion = 55;
	objects = {

/* Begin PBXBuildFile section */
		991D44582898B9CB00CCE094 /* AppDelegate.swift in Sources */ = {isa = PBXBuildFile; fileRef = 991D44572898B9CB00CCE094 /* AppDelegate.swift */; };
		991D445A2898B9CB00CCE094 /* SceneDelegate.swift in Sources */ = {isa = PBXBuildFile; fileRef = 991D44592898B9CB00CCE094 /* SceneDelegate.swift */; };
		991D445C2898B9CB00CCE094 /* ViewController.swift in Sources */ = {isa = PBXBuildFile; fileRef = 991D445B2898B9CB00CCE094 /* ViewController.swift */; };
		991D445F2898B9CB00CCE094 /* Main.storyboard in Resources */ = {isa = PBXBuildFile; fileRef = 991D445D2898B9CB00CCE094 /* Main.storyboard */; };
		991D44622898B9CB00CCE094 /* Estee_Lauder_App.xcdatamodeld in Sources */ = {isa = PBXBuildFile; fileRef = 991D44602898B9CB00CCE094 /* Estee_Lauder_App.xcdatamodeld */; };
		991D44642898B9CE00CCE094 /* Assets.xcassets in Resources */ = {isa = PBXBuildFile; fileRef = 991D44632898B9CE00CCE094 /* Assets.xcassets */; };
		991D44672898B9CE00CCE094 /* LaunchScreen.storyboard in Resources */ = {isa = PBXBuildFile; fileRef = 991D44652898B9CE00CCE094 /* LaunchScreen.storyboard */; };
		991D44722898B9CE00CCE094 /* Estee_Lauder_AppTests.swift in Sources */ = {isa = PBXBuildFile; fileRef = 991D44712898B9CE00CCE094 /* Estee_Lauder_AppTests.swift */; };
		991D447C2898B9CE00CCE094 /* Estee_Lauder_AppUITests.swift in Sources */ = {isa = PBXBuildFile; fileRef = 991D447B2898B9CE00CCE094 /* Estee_Lauder_AppUITests.swift */; };
		991D447E2898B9CE00CCE094 /* Estee_Lauder_AppUITestsLaunchTests.swift in Sources */ = {isa = PBXBuildFile; fileRef = 991D447D2898B9CE00CCE094 /* Estee_Lauder_AppUITestsLaunchTests.swift */; };
		991D448B2899DECA00CCE094 /* PageViewController.swift in Sources */ = {isa = PBXBuildFile; fileRef = 991D448A2899DECA00CCE094 /* PageViewController.swift */; };
		991D448D2899DEF200CCE094 /* PageViewController1.swift in Sources */ = {isa = PBXBuildFile; fileRef = 991D448C2899DEF200CCE094 /* PageViewController1.swift */; };
		991D448F2899DFF200CCE094 /* ViewController1ViewController.swift in Sources */ = {isa = PBXBuildFile; fileRef = 991D448E2899DFF200CCE094 /* ViewController1ViewController.swift */; };
		991D44912899E00200CCE094 /* ViewController2.swift in Sources */ = {isa = PBXBuildFile; fileRef = 991D44902899E00200CCE094 /* ViewController2.swift */; };
		991D44932899E00E00CCE094 /* ViewController3.swift in Sources */ = {isa = PBXBuildFile; fileRef = 991D44922899E00E00CCE094 /* ViewController3.swift */; };
/* End PBXBuildFile section */

/* Begin PBXContainerItemProxy section */
		991D446E2898B9CE00CCE094 /* PBXContainerItemProxy */ = {
			isa = PBXContainerItemProxy;
			containerPortal = 991D444C2898B9CA00CCE094 /* Project object */;
			proxyType = 1;
			remoteGlobalIDString = 991D44532898B9CA00CCE094;
			remoteInfo = "Estee Lauder App";
		};
		991D44782898B9CE00CCE094 /* PBXContainerItemProxy */ = {
			isa = PBXContainerItemProxy;
			containerPortal = 991D444C2898B9CA00CCE094 /* Project object */;
			proxyType = 1;
			remoteGlobalIDString = 991D44532898B9CA00CCE094;
			remoteInfo = "Estee Lauder App";
		};
/* End PBXContainerItemProxy section */

/* Begin PBXFileReference section */
		991D44542898B9CB00CCE094 /* Estee Lauder App.app */ = {isa = PBXFileReference; explicitFileType = wrapper.application; includeInIndex = 0; path = "Estee Lauder App.app"; sourceTree = BUILT_PRODUCTS_DIR; };
		991D44572898B9CB00CCE094 /* AppDelegate.swift */ = {isa = PBXFileReference; lastKnownFileType = sourcecode.swift; path = AppDelegate.swift; sourceTree = "<group>"; };
		991D44592898B9CB00CCE094 /* SceneDelegate.swift */ = {isa = PBXFileReference; lastKnownFileType = sourcecode.swift; path = SceneDelegate.swift; sourceTree = "<group>"; };
		991D445B2898B9CB00CCE094 /* ViewController.swift */ = {isa = PBXFileReference; lastKnownFileType = sourcecode.swift; path = ViewController.swift; sourceTree = "<group>"; };
		991D445E2898B9CB00CCE094 /* Base */ = {isa = PBXFileReference; lastKnownFileType = file.storyboard; name = Base; path = Base.lproj/Main.storyboard; sourceTree = "<group>"; };
		991D44612898B9CB00CCE094 /* Estee_Lauder_App.xcdatamodel */ = {isa = PBXFileReference; lastKnownFileType = wrapper.xcdatamodel; path = Estee_Lauder_App.xcdatamodel; sourceTree = "<group>"; };
		991D44632898B9CE00CCE094 /* Assets.xcassets */ = {isa = PBXFileReference; lastKnownFileType = folder.assetcatalog; path = Assets.xcassets; sourceTree = "<group>"; };
		991D44662898B9CE00CCE094 /* Base */ = {isa = PBXFileReference; lastKnownFileType = file.storyboard; name = Base; path = Base.lproj/LaunchScreen.storyboard; sourceTree = "<group>"; };
		991D44682898B9CE00CCE094 /* Info.plist */ = {isa = PBXFileReference; lastKnownFileType = text.plist.xml; path = Info.plist; sourceTree = "<group>"; };
		991D446D2898B9CE00CCE094 /* Estee Lauder AppTests.xctest */ = {isa = PBXFileReference; explicitFileType = wrapper.cfbundle; includeInIndex = 0; path = "Estee Lauder AppTests.xctest"; sourceTree = BUILT_PRODUCTS_DIR; };
		991D44712898B9CE00CCE094 /* Estee_Lauder_AppTests.swift */ = {isa = PBXFileReference; lastKnownFileType = sourcecode.swift; path = Estee_Lauder_AppTests.swift; sourceTree = "<group>"; };
		991D44772898B9CE00CCE094 /* Estee Lauder AppUITests.xctest */ = {isa = PBXFileReference; explicitFileType = wrapper.cfbundle; includeInIndex = 0; path = "Estee Lauder AppUITests.xctest"; sourceTree = BUILT_PRODUCTS_DIR; };
		991D447B2898B9CE00CCE094 /* Estee_Lauder_AppUITests.swift */ = {isa = PBXFileReference; lastKnownFileType = sourcecode.swift; path = Estee_Lauder_AppUITests.swift; sourceTree = "<group>"; };
		991D447D2898B9CE00CCE094 /* Estee_Lauder_AppUITestsLaunchTests.swift */ = {isa = PBXFileReference; lastKnownFileType = sourcecode.swift; path = Estee_Lauder_AppUITestsLaunchTests.swift; sourceTree = "<group>"; };
		991D448A2899DECA00CCE094 /* PageViewController.swift */ = {isa = PBXFileReference; lastKnownFileType = sourcecode.swift; path = PageViewController.swift; sourceTree = "<group>"; };
		991D448C2899DEF200CCE094 /* PageViewController1.swift */ = {isa = PBXFileReference; lastKnownFileType = sourcecode.swift; path = PageViewController1.swift; sourceTree = "<group>"; };
		991D448E2899DFF200CCE094 /* ViewController1ViewController.swift */ = {isa = PBXFileReference; lastKnownFileType = sourcecode.swift; path = ViewController1ViewController.swift; sourceTree = "<group>"; };
		991D44902899E00200CCE094 /* ViewController2.swift */ = {isa = PBXFileReference; lastKnownFileType = sourcecode.swift; path = ViewController2.swift; sourceTree = "<group>"; };
		991D44922899E00E00CCE094 /* ViewController3.swift */ = {isa = PBXFileReference; lastKnownFileType = sourcecode.swift; path = ViewController3.swift; sourceTree = "<group>"; };
/* End PBXFileReference section */

/* Begin PBXFrameworksBuildPhase section */
		991D44512898B9CA00CCE094 /* Frameworks */ = {
			isa = PBXFrameworksBuildPhase;
			buildActionMask = 2147483647;
			files = (
			);
			runOnlyForDeploymentPostprocessing = 0;
		};
		991D446A2898B9CE00CCE094 /* Frameworks */ = {
			isa = PBXFrameworksBuildPhase;
			buildActionMask = 2147483647;
			files = (
			);
			runOnlyForDeploymentPostprocessing = 0;
		};
		991D44742898B9CE00CCE094 /* Frameworks */ = {
			isa = PBXFrameworksBuildPhase;
			buildActionMask = 2147483647;
			files = (
			);
			runOnlyForDeploymentPostprocessing = 0;
		};
/* End PBXFrameworksBuildPhase section */

/* Begin PBXGroup section */
		991D444B2898B9CA00CCE094 = {
			isa = PBXGroup;
			children = (
				991D448A2899DECA00CCE094 /* PageViewController.swift */,
				991D44562898B9CB00CCE094 /* Estee Lauder App */,
				991D44702898B9CE00CCE094 /* Estee Lauder AppTests */,
				991D447A2898B9CE00CCE094 /* Estee Lauder AppUITests */,
				991D44552898B9CB00CCE094 /* Products */,
			);
			sourceTree = "<group>";
		};
		991D44552898B9CB00CCE094 /* Products */ = {
			isa = PBXGroup;
			children = (
				991D44542898B9CB00CCE094 /* Estee Lauder App.app */,
				991D446D2898B9CE00CCE094 /* Estee Lauder AppTests.xctest */,
				991D44772898B9CE00CCE094 /* Estee Lauder AppUITests.xctest */,
			);
			name = Products;
			sourceTree = "<group>";
		};
		991D44562898B9CB00CCE094 /* Estee Lauder App */ = {
			isa = PBXGroup;
			children = (
				991D44572898B9CB00CCE094 /* AppDelegate.swift */,
				991D44592898B9CB00CCE094 /* SceneDelegate.swift */,
				991D445B2898B9CB00CCE094 /* ViewController.swift */,
				991D448C2899DEF200CCE094 /* PageViewController1.swift */,
				991D445D2898B9CB00CCE094 /* Main.storyboard */,
				991D448E2899DFF200CCE094 /* ViewController1ViewController.swift */,
				991D44902899E00200CCE094 /* ViewController2.swift */,
				991D44922899E00E00CCE094 /* ViewController3.swift */,
				991D44632898B9CE00CCE094 /* Assets.xcassets */,
				991D44652898B9CE00CCE094 /* LaunchScreen.storyboard */,
				991D44682898B9CE00CCE094 /* Info.plist */,
				991D44602898B9CB00CCE094 /* Estee_Lauder_App.xcdatamodeld */,
			);
			path = "Estee Lauder App";
			sourceTree = "<group>";
		};
		991D44702898B9CE00CCE094 /* Estee Lauder AppTests */ = {
			isa = PBXGroup;
			children = (
				991D44712898B9CE00CCE094 /* Estee_Lauder_AppTests.swift */,
			);
			path = "Estee Lauder AppTests";
			sourceTree = "<group>";
		};
		991D447A2898B9CE00CCE094 /* Estee Lauder AppUITests */ = {
			isa = PBXGroup;
			children = (
				991D447B2898B9CE00CCE094 /* Estee_Lauder_AppUITests.swift */,
				991D447D2898B9CE00CCE094 /* Estee_Lauder_AppUITestsLaunchTests.swift */,
			);
			path = "Estee Lauder AppUITests";
			sourceTree = "<group>";
		};
/* End PBXGroup section */

/* Begin PBXNativeTarget section */
		991D44532898B9CA00CCE094 /* Estee Lauder App */ = {
			isa = PBXNativeTarget;
			buildConfigurationList = 991D44812898B9CF00CCE094 /* Build configuration list for PBXNativeTarget "Estee Lauder App" */;
			buildPhases = (
				991D44502898B9CA00CCE094 /* Sources */,
				991D44512898B9CA00CCE094 /* Frameworks */,
				991D44522898B9CA00CCE094 /* Resources */,
			);
			buildRules = (
			);
			dependencies = (
			);
			name = "Estee Lauder App";
			productName = "Estee Lauder App";
			productReference = 991D44542898B9CB00CCE094 /* Estee Lauder App.app */;
			productType = "com.apple.product-type.application";
		};
		991D446C2898B9CE00CCE094 /* Estee Lauder AppTests */ = {
			isa = PBXNativeTarget;
			buildConfigurationList = 991D44842898B9CF00CCE094 /* Build configuration list for PBXNativeTarget "Estee Lauder AppTests" */;
			buildPhases = (
				991D44692898B9CE00CCE094 /* Sources */,
				991D446A2898B9CE00CCE094 /* Frameworks */,
				991D446B2898B9CE00CCE094 /* Resources */,
			);
			buildRules = (
			);
			dependencies = (
				991D446F2898B9CE00CCE094 /* PBXTargetDependency */,
			);
			name = "Estee Lauder AppTests";
			productName = "Estee Lauder AppTests";
			productReference = 991D446D2898B9CE00CCE094 /* Estee Lauder AppTests.xctest */;
			productType = "com.apple.product-type.bundle.unit-test";
		};
		991D44762898B9CE00CCE094 /* Estee Lauder AppUITests */ = {
			isa = PBXNativeTarget;
			buildConfigurationList = 991D44872898B9CF00CCE094 /* Build configuration list for PBXNativeTarget "Estee Lauder AppUITests" */;
			buildPhases = (
				991D44732898B9CE00CCE094 /* Sources */,
				991D44742898B9CE00CCE094 /* Frameworks */,
				991D44752898B9CE00CCE094 /* Resources */,
			);
			buildRules = (
			);
			dependencies = (
				991D44792898B9CE00CCE094 /* PBXTargetDependency */,
			);
			name = "Estee Lauder AppUITests";
			productName = "Estee Lauder AppUITests";
			productReference = 991D44772898B9CE00CCE094 /* Estee Lauder AppUITests.xctest */;
			productType = "com.apple.product-type.bundle.ui-testing";
		};
/* End PBXNativeTarget section */

/* Begin PBXProject section */
		991D444C2898B9CA00CCE094 /* Project object */ = {
			isa = PBXProject;
			attributes = {
				BuildIndependentTargetsInParallel = 1;
				LastSwiftUpdateCheck = 1340;
				LastUpgradeCheck = 1340;
				TargetAttributes = {
					991D44532898B9CA00CCE094 = {
						CreatedOnToolsVersion = 13.4.1;
					};
					991D446C2898B9CE00CCE094 = {
						CreatedOnToolsVersion = 13.4.1;
						TestTargetID = 991D44532898B9CA00CCE094;
					};
					991D44762898B9CE00CCE094 = {
						CreatedOnToolsVersion = 13.4.1;
						TestTargetID = 991D44532898B9CA00CCE094;
					};
				};
			};
			buildConfigurationList = 991D444F2898B9CA00CCE094 /* Build configuration list for PBXProject "Estee Lauder App" */;
			compatibilityVersion = "Xcode 13.0";
			developmentRegion = en;
			hasScannedForEncodings = 0;
			knownRegions = (
				en,
				Base,
			);
			mainGroup = 991D444B2898B9CA00CCE094;
			productRefGroup = 991D44552898B9CB00CCE094 /* Products */;
			projectDirPath = "";
			projectRoot = "";
			targets = (
				991D44532898B9CA00CCE094 /* Estee Lauder App */,
				991D446C2898B9CE00CCE094 /* Estee Lauder AppTests */,
				991D44762898B9CE00CCE094 /* Estee Lauder AppUITests */,
			);
		};
/* End PBXProject section */

/* Begin PBXResourcesBuildPhase section */
		991D44522898B9CA00CCE094 /* Resources */ = {
			isa = PBXResourcesBuildPhase;
			buildActionMask = 2147483647;
			files = (
				991D44672898B9CE00CCE094 /* LaunchScreen.storyboard in Resources */,
				991D44642898B9CE00CCE094 /* Assets.xcassets in Resources */,
				991D445F2898B9CB00CCE094 /* Main.storyboard in Resources */,
			);
			runOnlyForDeploymentPostprocessing = 0;
		};
		991D446B2898B9CE00CCE094 /* Resources */ = {
			isa = PBXResourcesBuildPhase;
			buildActionMask = 2147483647;
			files = (
			);
			runOnlyForDeploymentPostprocessing = 0;
		};
		991D44752898B9CE00CCE094 /* Resources */ = {
			isa = PBXResourcesBuildPhase;
			buildActionMask = 2147483647;
			files = (
			);
			runOnlyForDeploymentPostprocessing = 0;
		};
/* End PBXResourcesBuildPhase section */

/* Begin PBXSourcesBuildPhase section */
		991D44502898B9CA00CCE094 /* Sources */ = {
			isa = PBXSourcesBuildPhase;
			buildActionMask = 2147483647;
			files = (
				991D445C2898B9CB00CCE094 /* ViewController.swift in Sources */,
				991D44912899E00200CCE094 /* ViewController2.swift in Sources */,
				991D44932899E00E00CCE094 /* ViewController3.swift in Sources */,
				991D448B2899DECA00CCE094 /* PageViewController.swift in Sources */,
				991D44582898B9CB00CCE094 /* AppDelegate.swift in Sources */,
				991D445A2898B9CB00CCE094 /* SceneDelegate.swift in Sources */,
				991D44622898B9CB00CCE094 /* Estee_Lauder_App.xcdatamodeld in Sources */,
				991D448F2899DFF200CCE094 /* ViewController1ViewController.swift in Sources */,
				991D448D2899DEF200CCE094 /* PageViewController1.swift in Sources */,
			);
			runOnlyForDeploymentPostprocessing = 0;
		};
		991D44692898B9CE00CCE094 /* Sources */ = {
			isa = PBXSourcesBuildPhase;
			buildActionMask = 2147483647;
			files = (
				991D44722898B9CE00CCE094 /* Estee_Lauder_AppTests.swift in Sources */,
			);
			runOnlyForDeploymentPostprocessing = 0;
		};
		991D44732898B9CE00CCE094 /* Sources */ = {
			isa = PBXSourcesBuildPhase;
			buildActionMask = 2147483647;
			files = (
				991D447E2898B9CE00CCE094 /* Estee_Lauder_AppUITestsLaunchTests.swift in Sources */,
				991D447C2898B9CE00CCE094 /* Estee_Lauder_AppUITests.swift in Sources */,
			);
			runOnlyForDeploymentPostprocessing = 0;
		};
/* End PBXSourcesBuildPhase section */

/* Begin PBXTargetDependency section */
		991D446F2898B9CE00CCE094 /* PBXTargetDependency */ = {
			isa = PBXTargetDependency;
			target = 991D44532898B9CA00CCE094 /* Estee Lauder App */;
			targetProxy = 991D446E2898B9CE00CCE094 /* PBXContainerItemProxy */;
		};
		991D44792898B9CE00CCE094 /* PBXTargetDependency */ = {
			isa = PBXTargetDependency;
			target = 991D44532898B9CA00CCE094 /* Estee Lauder App */;
			targetProxy = 991D44782898B9CE00CCE094 /* PBXContainerItemProxy */;
		};
/* End PBXTargetDependency section */

/* Begin PBXVariantGroup section */
		991D445D2898B9CB00CCE094 /* Main.storyboard */ = {
			isa = PBXVariantGroup;
			children = (
				991D445E2898B9CB00CCE094 /* Base */,
			);
			name = Main.storyboard;
			sourceTree = "<group>";
		};
		991D44652898B9CE00CCE094 /* LaunchScreen.storyboard */ = {
			isa = PBXVariantGroup;
			children = (
				991D44662898B9CE00CCE094 /* Base */,
			);
			name = LaunchScreen.storyboard;
			sourceTree = "<group>";
		};
/* End PBXVariantGroup section */

/* Begin XCBuildConfiguration section */
		991D447F2898B9CF00CCE094 /* Debug */ = {
			isa = XCBuildConfiguration;
			buildSettings = {
				ALWAYS_SEARCH_USER_PATHS = NO;
				CLANG_ANALYZER_NONNULL = YES;
				CLANG_ANALYZER_NUMBER_OBJECT_CONVERSION = YES_AGGRESSIVE;
				CLANG_CXX_LANGUAGE_STANDARD = "gnu++17";
				CLANG_ENABLE_MODULES = YES;
				CLANG_ENABLE_OBJC_ARC = YES;
				CLANG_ENABLE_OBJC_WEAK = YES;
				CLANG_WARN_BLOCK_CAPTURE_AUTORELEASING = YES;
				CLANG_WARN_BOOL_CONVERSION = YES;
				CLANG_WARN_COMMA = YES;
				CLANG_WARN_CONSTANT_CONVERSION = YES;
				CLANG_WARN_DEPRECATED_OBJC_IMPLEMENTATIONS = YES;
				CLANG_WARN_DIRECT_OBJC_ISA_USAGE = YES_ERROR;
				CLANG_WARN_DOCUMENTATION_COMMENTS = YES;
				CLANG_WARN_EMPTY_BODY = YES;
				CLANG_WARN_ENUM_CONVERSION = YES;
				CLANG_WARN_INFINITE_RECURSION = YES;
				CLANG_WARN_INT_CONVERSION = YES;
				CLANG_WARN_NON_LITERAL_NULL_CONVERSION = YES;
				CLANG_WARN_OBJC_IMPLICIT_RETAIN_SELF = YES;
				CLANG_WARN_OBJC_LITERAL_CONVERSION = YES;
				CLANG_WARN_OBJC_ROOT_CLASS = YES_ERROR;
				CLANG_WARN_QUOTED_INCLUDE_IN_FRAMEWORK_HEADER = YES;
				CLANG_WARN_RANGE_LOOP_ANALYSIS = YES;
				CLANG_WARN_STRICT_PROTOTYPES = YES;
				CLANG_WARN_SUSPICIOUS_MOVE = YES;
				CLANG_WARN_UNGUARDED_AVAILABILITY = YES_AGGRESSIVE;
				CLANG_WARN_UNREACHABLE_CODE = YES;
				CLANG_WARN__DUPLICATE_METHOD_MATCH = YES;
				COPY_PHASE_STRIP = NO;
				DEBUG_INFORMATION_FORMAT = dwarf;
				ENABLE_STRICT_OBJC_MSGSEND = YES;
				ENABLE_TESTABILITY = YES;
				GCC_C_LANGUAGE_STANDARD = gnu11;
				GCC_DYNAMIC_NO_PIC = NO;
				GCC_NO_COMMON_BLOCKS = YES;
				GCC_OPTIMIZATION_LEVEL = 0;
				GCC_PREPROCESSOR_DEFINITIONS = (
					"DEBUG=1",
					"$(inherited)",
				);
				GCC_WARN_64_TO_32_BIT_CONVERSION = YES;
				GCC_WARN_ABOUT_RETURN_TYPE = YES_ERROR;
				GCC_WARN_UNDECLARED_SELECTOR = YES;
				GCC_WARN_UNINITIALIZED_AUTOS = YES_AGGRESSIVE;
				GCC_WARN_UNUSED_FUNCTION = YES;
				GCC_WARN_UNUSED_VARIABLE = YES;
				IPHONEOS_DEPLOYMENT_TARGET = 15.5;
				MTL_ENABLE_DEBUG_INFO = INCLUDE_SOURCE;
				MTL_FAST_MATH = YES;
				ONLY_ACTIVE_ARCH = YES;
				SDKROOT = iphoneos;
				SWIFT_ACTIVE_COMPILATION_CONDITIONS = DEBUG;
				SWIFT_OPTIMIZATION_LEVEL = "-Onone";
			};
			name = Debug;
		};
		991D44802898B9CF00CCE094 /* Release */ = {
			isa = XCBuildConfiguration;
			buildSettings = {
				ALWAYS_SEARCH_USER_PATHS = NO;
				CLANG_ANALYZER_NONNULL = YES;
				CLANG_ANALYZER_NUMBER_OBJECT_CONVERSION = YES_AGGRESSIVE;
				CLANG_CXX_LANGUAGE_STANDARD = "gnu++17";
				CLANG_ENABLE_MODULES = YES;
				CLANG_ENABLE_OBJC_ARC = YES;
				CLANG_ENABLE_OBJC_WEAK = YES;
				CLANG_WARN_BLOCK_CAPTURE_AUTORELEASING = YES;
				CLANG_WARN_BOOL_CONVERSION = YES;
				CLANG_WARN_COMMA = YES;
				CLANG_WARN_CONSTANT_CONVERSION = YES;
				CLANG_WARN_DEPRECATED_OBJC_IMPLEMENTATIONS = YES;
				CLANG_WARN_DIRECT_OBJC_ISA_USAGE = YES_ERROR;
				CLANG_WARN_DOCUMENTATION_COMMENTS = YES;
				CLANG_WARN_EMPTY_BODY = YES;
				CLANG_WARN_ENUM_CONVERSION = YES;
				CLANG_WARN_INFINITE_RECURSION = YES;
				CLANG_WARN_INT_CONVERSION = YES;
				CLANG_WARN_NON_LITERAL_NULL_CONVERSION = YES;
				CLANG_WARN_OBJC_IMPLICIT_RETAIN_SELF = YES;
				CLANG_WARN_OBJC_LITERAL_CONVERSION = YES;
				CLANG_WARN_OBJC_ROOT_CLASS = YES_ERROR;
				CLANG_WARN_QUOTED_INCLUDE_IN_FRAMEWORK_HEADER = YES;
				CLANG_WARN_RANGE_LOOP_ANALYSIS = YES;
				CLANG_WARN_STRICT_PROTOTYPES = YES;
				CLANG_WARN_SUSPICIOUS_MOVE = YES;
				CLANG_WARN_UNGUARDED_AVAILABILITY = YES_AGGRESSIVE;
				CLANG_WARN_UNREACHABLE_CODE = YES;
				CLANG_WARN__DUPLICATE_METHOD_MATCH = YES;
				COPY_PHASE_STRIP = NO;
				DEBUG_INFORMATION_FORMAT = "dwarf-with-dsym";
				ENABLE_NS_ASSERTIONS = NO;
				ENABLE_STRICT_OBJC_MSGSEND = YES;
				GCC_C_LANGUAGE_STANDARD = gnu11;
				GCC_NO_COMMON_BLOCKS = YES;
				GCC_WARN_64_TO_32_BIT_CONVERSION = YES;
				GCC_WARN_ABOUT_RETURN_TYPE = YES_ERROR;
				GCC_WARN_UNDECLARED_SELECTOR = YES;
				GCC_WARN_UNINITIALIZED_AUTOS = YES_AGGRESSIVE;
				GCC_WARN_UNUSED_FUNCTION = YES;
				GCC_WARN_UNUSED_VARIABLE = YES;
				IPHONEOS_DEPLOYMENT_TARGET = 15.5;
				MTL_ENABLE_DEBUG_INFO = NO;
				MTL_FAST_MATH = YES;
				SDKROOT = iphoneos;
				SWIFT_COMPILATION_MODE = wholemodule;
				SWIFT_OPTIMIZATION_LEVEL = "-O";
				VALIDATE_PRODUCT = YES;
			};
			name = Release;
		};
		991D44822898B9CF00CCE094 /* Debug */ = {
			isa = XCBuildConfiguration;
			buildSettings = {
				ASSETCATALOG_COMPILER_APPICON_NAME = AppIcon;
				ASSETCATALOG_COMPILER_GLOBAL_ACCENT_COLOR_NAME = AccentColor;
				CODE_SIGN_STYLE = Automatic;
				CURRENT_PROJECT_VERSION = 1;
				GENERATE_INFOPLIST_FILE = YES;
				INFOPLIST_FILE = "Estee Lauder App/Info.plist";
				INFOPLIST_KEY_UIApplicationSupportsIndirectInputEvents = YES;
				INFOPLIST_KEY_UILaunchStoryboardName = LaunchScreen;
				INFOPLIST_KEY_UIMainStoryboardFile = Main;
				INFOPLIST_KEY_UISupportedInterfaceOrientations_iPad = "UIInterfaceOrientationPortrait UIInterfaceOrientationPortraitUpsideDown UIInterfaceOrientationLandscapeLeft UIInterfaceOrientationLandscapeRight";
				INFOPLIST_KEY_UISupportedInterfaceOrientations_iPhone = "UIInterfaceOrientationPortrait UIInterfaceOrientationLandscapeLeft UIInterfaceOrientationLandscapeRight";
				LD_RUNPATH_SEARCH_PATHS = (
					"$(inherited)",
					"@executable_path/Frameworks",
				);
				MARKETING_VERSION = 1.0;
				PRODUCT_BUNDLE_IDENTIFIER = "kwk.Estee-Lauder-App";
				PRODUCT_NAME = "$(TARGET_NAME)";
				SWIFT_EMIT_LOC_STRINGS = YES;
				SWIFT_VERSION = 5.0;
				TARGETED_DEVICE_FAMILY = "1,2";
			};
			name = Debug;
		};
		991D44832898B9CF00CCE094 /* Release */ = {
			isa = XCBuildConfiguration;
			buildSettings = {
				ASSETCATALOG_COMPILER_APPICON_NAME = AppIcon;
				ASSETCATALOG_COMPILER_GLOBAL_ACCENT_COLOR_NAME = AccentColor;
				CODE_SIGN_STYLE = Automatic;
				CURRENT_PROJECT_VERSION = 1;
				GENERATE_INFOPLIST_FILE = YES;
				INFOPLIST_FILE = "Estee Lauder App/Info.plist";
				INFOPLIST_KEY_UIApplicationSupportsIndirectInputEvents = YES;
				INFOPLIST_KEY_UILaunchStoryboardName = LaunchScreen;
				INFOPLIST_KEY_UIMainStoryboardFile = Main;
				INFOPLIST_KEY_UISupportedInterfaceOrientations_iPad = "UIInterfaceOrientationPortrait UIInterfaceOrientationPortraitUpsideDown UIInterfaceOrientationLandscapeLeft UIInterfaceOrientationLandscapeRight";
				INFOPLIST_KEY_UISupportedInterfaceOrientations_iPhone = "UIInterfaceOrientationPortrait UIInterfaceOrientationLandscapeLeft UIInterfaceOrientationLandscapeRight";
				LD_RUNPATH_SEARCH_PATHS = (
					"$(inherited)",
					"@executable_path/Frameworks",
				);
				MARKETING_VERSION = 1.0;
				PRODUCT_BUNDLE_IDENTIFIER = "kwk.Estee-Lauder-App";
				PRODUCT_NAME = "$(TARGET_NAME)";
				SWIFT_EMIT_LOC_STRINGS = YES;
				SWIFT_VERSION = 5.0;
				TARGETED_DEVICE_FAMILY = "1,2";
			};
			name = Release;
		};
		991D44852898B9CF00CCE094 /* Debug */ = {
			isa = XCBuildConfiguration;
			buildSettings = {
				ALWAYS_EMBED_SWIFT_STANDARD_LIBRARIES = YES;
				BUNDLE_LOADER = "$(TEST_HOST)";
				CODE_SIGN_STYLE = Automatic;
				CURRENT_PROJECT_VERSION = 1;
				GENERATE_INFOPLIST_FILE = YES;
				IPHONEOS_DEPLOYMENT_TARGET = 15.5;
				MARKETING_VERSION = 1.0;
				PRODUCT_BUNDLE_IDENTIFIER = "kwk.Estee-Lauder-AppTests";
				PRODUCT_NAME = "$(TARGET_NAME)";
				SWIFT_EMIT_LOC_STRINGS = NO;
				SWIFT_VERSION = 5.0;
				TARGETED_DEVICE_FAMILY = "1,2";
				TEST_HOST = "$(BUILT_PRODUCTS_DIR)/Estee Lauder App.app/Estee Lauder App";
			};
			name = Debug;
		};
		991D44862898B9CF00CCE094 /* Release */ = {
			isa = XCBuildConfiguration;
			buildSettings = {
				ALWAYS_EMBED_SWIFT_STANDARD_LIBRARIES = YES;
				BUNDLE_LOADER = "$(TEST_HOST)";
				CODE_SIGN_STYLE = Automatic;
				CURRENT_PROJECT_VERSION = 1;
				GENERATE_INFOPLIST_FILE = YES;
				IPHONEOS_DEPLOYMENT_TARGET = 15.5;
				MARKETING_VERSION = 1.0;
				PRODUCT_BUNDLE_IDENTIFIER = "kwk.Estee-Lauder-AppTests";
				PRODUCT_NAME = "$(TARGET_NAME)";
				SWIFT_EMIT_LOC_STRINGS = NO;
				SWIFT_VERSION = 5.0;
				TARGETED_DEVICE_FAMILY = "1,2";
				TEST_HOST = "$(BUILT_PRODUCTS_DIR)/Estee Lauder App.app/Estee Lauder App";
			};
			name = Release;
		};
		991D44882898B9CF00CCE094 /* Debug */ = {
			isa = XCBuildConfiguration;
			buildSettings = {
				ALWAYS_EMBED_SWIFT_STANDARD_LIBRARIES = YES;
				CODE_SIGN_STYLE = Automatic;
				CURRENT_PROJECT_VERSION = 1;
				GENERATE_INFOPLIST_FILE = YES;
				MARKETING_VERSION = 1.0;
				PRODUCT_BUNDLE_IDENTIFIER = "kwk.Estee-Lauder-AppUITests";
				PRODUCT_NAME = "$(TARGET_NAME)";
				SWIFT_EMIT_LOC_STRINGS = NO;
				SWIFT_VERSION = 5.0;
				TARGETED_DEVICE_FAMILY = "1,2";
				TEST_TARGET_NAME = "Estee Lauder App";
			};
			name = Debug;
		};
		991D44892898B9CF00CCE094 /* Release */ = {
			isa = XCBuildConfiguration;
			buildSettings = {
				ALWAYS_EMBED_SWIFT_STANDARD_LIBRARIES = YES;
				CODE_SIGN_STYLE = Automatic;
				CURRENT_PROJECT_VERSION = 1;
				GENERATE_INFOPLIST_FILE = YES;
				MARKETING_VERSION = 1.0;
				PRODUCT_BUNDLE_IDENTIFIER = "kwk.Estee-Lauder-AppUITests";
				PRODUCT_NAME = "$(TARGET_NAME)";
				SWIFT_EMIT_LOC_STRINGS = NO;
				SWIFT_VERSION = 5.0;
				TARGETED_DEVICE_FAMILY = "1,2";
				TEST_TARGET_NAME = "Estee Lauder App";
			};
			name = Release;
		};
/* End XCBuildConfiguration section */

/* Begin XCConfigurationList section */
		991D444F2898B9CA00CCE094 /* Build configuration list for PBXProject "Estee Lauder App" */ = {
			isa = XCConfigurationList;
			buildConfigurations = (
				991D447F2898B9CF00CCE094 /* Debug */,
				991D44802898B9CF00CCE094 /* Release */,
			);
			defaultConfigurationIsVisible = 0;
			defaultConfigurationName = Release;
		};
		991D44812898B9CF00CCE094 /* Build configuration list for PBXNativeTarget "Estee Lauder App" */ = {
			isa = XCConfigurationList;
			buildConfigurations = (
				991D44822898B9CF00CCE094 /* Debug */,
				991D44832898B9CF00CCE094 /* Release */,
			);
			defaultConfigurationIsVisible = 0;
			defaultConfigurationName = Release;
		};
		991D44842898B9CF00CCE094 /* Build configuration list for PBXNativeTarget "Estee Lauder AppTests" */ = {
			isa = XCConfigurationList;
			buildConfigurations = (
				991D44852898B9CF00CCE094 /* Debug */,
				991D44862898B9CF00CCE094 /* Release */,
			);
			defaultConfigurationIsVisible = 0;
			defaultConfigurationName = Release;
		};
		991D44872898B9CF00CCE094 /* Build configuration list for PBXNativeTarget "Estee Lauder AppUITests" */ = {
			isa = XCConfigurationList;
			buildConfigurations = (
				991D44882898B9CF00CCE094 /* Debug */,
				991D44892898B9CF00CCE094 /* Release */,
			);
			defaultConfigurationIsVisible = 0;
			defaultConfigurationName = Release;
		};
/* End XCConfigurationList section */

/* Begin XCVersionGroup section */
		991D44602898B9CB00CCE094 /* Estee_Lauder_App.xcdatamodeld */ = {
			isa = XCVersionGroup;
			children = (
				991D44612898B9CB00CCE094 /* Estee_Lauder_App.xcdatamodel */,
			);
			currentVersion = 991D44612898B9CB00CCE094 /* Estee_Lauder_App.xcdatamodel */;
			path = Estee_Lauder_App.xcdatamodeld;
			sourceTree = "<group>";
			versionGroupType = wrapper.xcdatamodel;
		};
/* End XCVersionGroup section */
	};
	rootObject = 991D444C2898B9CA00CCE094 /* Project object */;
}
